
Microsoft Visual Studio Solution File, Format Version 12.00
# Visual Studio Version 17
VisualStudioVersion = 17.9.34622.214
MinimumVisualStudioVersion = 10.0.40219.1
Project("{FAE04EC0-301F-11D3-BF4B-00C04F79EFBC}") = "SistemaBliss.EN", "SistemaBliss.EN\SistemaBliss.EN.csproj", "{DB1668AF-FAF6-4FC5-906E-E40E74BCB1F1}"
EndProject
Project("{FAE04EC0-301F-11D3-BF4B-00C04F79EFBC}") = "SistemaBliss.DAL", "SistemaBliss.DAL\SistemaBliss.DAL.csproj", "{0B72B57E-573A-4084-8D05-6BF36297164E}"
EndProject
Project("{FAE04EC0-301F-11D3-BF4B-00C04F79EFBC}") = "SistemaBliss.BL", "SistemaBliss.BL\SistemaBliss.BL.csproj", "{77EF09C7-355B-4AAC-849F-1D14935FF1B7}"
EndProject
Project("{FAE04EC0-301F-11D3-BF4B-00C04F79EFBC}") = "SistemaBliss.PruebasUnitarias", "SistemaBliss.PruebasUnitarias\SistemaBliss.PruebasUnitarias.csproj", "{62F68848-9761-4C42-AF12-F034EA283133}"
EndProject
Project("{FAE04EC0-301F-11D3-BF4B-00C04F79EFBC}") = "SistemaBliss.UI.WinForms", "SistemaBliss.UI.WinForms\SistemaBliss.UI.WinForms.csproj", "{58D3CC40-9CD6-4506-B2B7-18953B170CAC}"
EndProject
Global
	GlobalSection(SolutionConfigurationPlatforms) = preSolution
		Debug|Any CPU = Debug|Any CPU
		Release|Any CPU = Release|Any CPU
	EndGlobalSection
	GlobalSection(ProjectConfigurationPlatforms) = postSolution
		{DB1668AF-FAF6-4FC5-906E-E40E74BCB1F1}.Debug|Any CPU.ActiveCfg = Debug|Any CPU
		{DB1668AF-FAF6-4FC5-906E-E40E74BCB1F1}.Debug|Any CPU.Build.0 = Debug|Any CPU
		{DB1668AF-FAF6-4FC5-906E-E40E74BCB1F1}.Release|Any CPU.ActiveCfg = Release|Any CPU
		{DB1668AF-FAF6-4FC5-906E-E40E74BCB1F1}.Release|Any CPU.Build.0 = Release|Any CPU
		{0B72B57E-573A-4084-8D05-6BF36297164E}.Debug|Any CPU.ActiveCfg = Debug|Any CPU
		{0B72B57E-573A-4084-8D05-6BF36297164E}.Debug|Any CPU.Build.0 = Debug|Any CPU
		{0B72B57E-573A-4084-8D05-6BF36297164E}.Release|Any CPU.ActiveCfg = Release|Any CPU
		{0B72B57E-573A-4084-8D05-6BF36297164E}.Release|Any CPU.Build.0 = Release|Any CPU
		{77EF09C7-355B-4AAC-849F-1D14935FF1B7}.Debug|Any CPU.ActiveCfg = Debug|Any CPU
		{77EF09C7-355B-4AAC-849F-1D14935FF1B7}.Debug|Any CPU.Build.0 = Debug|Any CPU
		{77EF09C7-355B-4AAC-849F-1D14935FF1B7}.Release|Any CPU.ActiveCfg = Release|Any CPU
		{77EF09C7-355B-4AAC-849F-1D14935FF1B7}.Release|Any CPU.Build.0 = Release|Any CPU
		{62F68848-9761-4C42-AF12-F034EA283133}.Debug|Any CPU.ActiveCfg = Debug|Any CPU
		{62F68848-9761-4C42-AF12-F034EA283133}.Debug|Any CPU.Build.0 = Debug|Any CPU
		{62F68848-9761-4C42-AF12-F034EA283133}.Release|Any CPU.ActiveCfg = Release|Any CPU
		{62F68848-9761-4C42-AF12-F034EA283133}.Release|Any CPU.Build.0 = Release|Any CPU
		{58D3CC40-9CD6-4506-B2B7-18953B170CAC}.Debug|Any CPU.ActiveCfg = Debug|Any CPU
		{58D3CC40-9CD6-4506-B2B7-18953B170CAC}.Debug|Any CPU.Build.0 = Debug|Any CPU
		{58D3CC40-9CD6-4506-B2B7-18953B170CAC}.Release|Any CPU.ActiveCfg = Release|Any CPU
		{58D3CC40-9CD6-4506-B2B7-18953B170CAC}.Release|Any CPU.Build.0 = Release|Any CPU
	EndGlobalSection
	GlobalSection(SolutionProperties) = preSolution
		HideSolutionNode = FALSE
	EndGlobalSection
	GlobalSection(ExtensibilityGlobals) = postSolution
		SolutionGuid = {939D6A84-CA5F-43EC-BE9B-58D35797A4BF}
	EndGlobalSection
EndGlobal
